
Microsoft Visual Studio Solution File, Format Version 12.00
# Visual Studio 15
VisualStudioVersion = 15.0.28010.2046
MinimumVisualStudioVersion = 10.0.40219.1
Project("{8BC9CEB8-8B4A-11D0-8D11-00A0C91BC942}") = "1 - Exercises", "1 - Exercises\1 - Exercises.vcxproj", "{8977E819-79E0-4B4E-A019-829417DD1DC7}"
EndProject
Global
	GlobalSection(SolutionConfigurationPlatforms) = preSolution
		Debug|x64 = Debug|x64
		Debug|x86 = Debug|x86
		Release|x64 = Release|x64
		Release|x86 = Release|x86
	EndGlobalSection
	GlobalSection(ProjectConfigurationPlatforms) = postSolution
		{8977E819-79E0-4B4E-A019-829417DD1DC7}.Debug|x64.ActiveCfg = Debug|x64
		{8977E819-79E0-4B4E-A019-829417DD1DC7}.Debug|x64.Build.0 = Debug|x64
		{8977E819-79E0-4B4E-A019-829417DD1DC7}.Debug|x86.ActiveCfg = Debug|Win32
		{8977E819-79E0-4B4E-A019-829417DD1DC7}.Debug|x86.Build.0 = Debug|Win32
		{8977E819-79E0-4B4E-A019-829417DD1DC7}.Release|x64.ActiveCfg = Release|x64
		{8977E819-79E0-4B4E-A019-829417DD1DC7}.Release|x64.Build.0 = Release|x64
		{8977E819-79E0-4B4E-A019-829417DD1DC7}.Release|x86.ActiveCfg = Release|Win32
		{8977E819-79E0-4B4E-A019-829417DD1DC7}.Release|x86.Build.0 = Release|Win32
	EndGlobalSection
	GlobalSection(SolutionProperties) = preSolution
		HideSolutionNode = FALSE
	EndGlobalSection
	GlobalSection(ExtensibilityGlobals) = postSolution
		SolutionGuid = {34A4D09E-EC58-4BB5-9BAD-06482BB1BFB4}
	EndGlobalSection
EndGlobal
